version = 1
revision = 1
requires-python = ">=3.13"
resolution-markers = [
    "sys_platform == 'darwin'",
    "platform_machine == 'aarch64' and sys_platform == 'linux'",
    "(platform_machine != 'aarch64' and sys_platform == 'linux') or (sys_platform != 'darwin' and sys_platform != 'linux')",
]

[[package]]
name = "gcp-aruco-generator"
version = "0.1.0"
source = { virtual = "." }
dependencies = [
    { name = "numpy" },
    { name = "opencv-contrib-python" },
    { name = "opencv-python-headless" },
    { name = "shapely" },
    { name = "svgwrite" },
]

[package.metadata]
requires-dist = [
    { name = "numpy", specifier = "~=2.2" },
    { name = "opencv-contrib-python", specifier = "~=4.11" },
    { name = "opencv-python-headless", specifier = "~=4.11" },
    { name = "shapely", specifier = "~=2.0" },
    { name = "svgwrite", specifier = "~=1.4" },
]

[[package]]
name = "numpy"
version = "2.2.4"
source = { registry = "https://pypi.org/simple" }
sdist = { url = "https://files.pythonhosted.org/packages/e1/78/31103410a57bc2c2b93a3597340a8119588571f6a4539067546cb9a0bfac/numpy-2.2.4.tar.gz", hash = "sha256:9ba03692a45d3eef66559efe1d1096c4b9b75c0986b5dff5530c378fb8331d4f", size = 20270701 }
wheels = [
    { url = "https://files.pythonhosted.org/packages/2a/d0/bd5ad792e78017f5decfb2ecc947422a3669a34f775679a76317af671ffc/numpy-2.2.4-cp313-cp313-macosx_10_13_x86_64.whl", hash = "sha256:1cf4e5c6a278d620dee9ddeb487dc6a860f9b199eadeecc567f777daace1e9e7", size = 20933623 },
    { url = "https://files.pythonhosted.org/packages/c3/bc/2b3545766337b95409868f8e62053135bdc7fa2ce630aba983a2aa60b559/numpy-2.2.4-cp313-cp313-macosx_11_0_arm64.whl", hash = "sha256:1974afec0b479e50438fc3648974268f972e2d908ddb6d7fb634598cdb8260a0", size = 14148681 },
    { url = "https://files.pythonhosted.org/packages/6a/70/67b24d68a56551d43a6ec9fe8c5f91b526d4c1a46a6387b956bf2d64744e/numpy-2.2.4-cp313-cp313-macosx_14_0_arm64.whl", hash = "sha256:79bd5f0a02aa16808fcbc79a9a376a147cc1045f7dfe44c6e7d53fa8b8a79392", size = 5148759 },
    { url = "https://files.pythonhosted.org/packages/1c/8b/e2fc8a75fcb7be12d90b31477c9356c0cbb44abce7ffb36be39a0017afad/numpy-2.2.4-cp313-cp313-macosx_14_0_x86_64.whl", hash = "sha256:3387dd7232804b341165cedcb90694565a6015433ee076c6754775e85d86f1fc", size = 6683092 },
    { url = "https://files.pythonhosted.org/packages/13/73/41b7b27f169ecf368b52533edb72e56a133f9e86256e809e169362553b49/numpy-2.2.4-cp313-cp313-manylinux_2_17_aarch64.manylinux2014_aarch64.whl", hash = "sha256:6f527d8fdb0286fd2fd97a2a96c6be17ba4232da346931d967a0630050dfd298", size = 14081422 },
    { url = "https://files.pythonhosted.org/packages/4b/04/e208ff3ae3ddfbafc05910f89546382f15a3f10186b1f56bd99f159689c2/numpy-2.2.4-cp313-cp313-manylinux_2_17_x86_64.manylinux2014_x86_64.whl", hash = "sha256:bce43e386c16898b91e162e5baaad90c4b06f9dcbe36282490032cec98dc8ae7", size = 16132202 },
    { url = "https://files.pythonhosted.org/packages/fe/bc/2218160574d862d5e55f803d88ddcad88beff94791f9c5f86d67bd8fbf1c/numpy-2.2.4-cp313-cp313-musllinux_1_2_aarch64.whl", hash = "sha256:31504f970f563d99f71a3512d0c01a645b692b12a63630d6aafa0939e52361e6", size = 15573131 },
    { url = "https://files.pythonhosted.org/packages/a5/78/97c775bc4f05abc8a8426436b7cb1be806a02a2994b195945600855e3a25/numpy-2.2.4-cp313-cp313-musllinux_1_2_x86_64.whl", hash = "sha256:81413336ef121a6ba746892fad881a83351ee3e1e4011f52e97fba79233611fd", size = 17894270 },
    { url = "https://files.pythonhosted.org/packages/b9/eb/38c06217a5f6de27dcb41524ca95a44e395e6a1decdc0c99fec0832ce6ae/numpy-2.2.4-cp313-cp313-win32.whl", hash = "sha256:f486038e44caa08dbd97275a9a35a283a8f1d2f0ee60ac260a1790e76660833c", size = 6308141 },
    { url = "https://files.pythonhosted.org/packages/52/17/d0dd10ab6d125c6d11ffb6dfa3423c3571befab8358d4f85cd4471964fcd/numpy-2.2.4-cp313-cp313-win_amd64.whl", hash = "sha256:207a2b8441cc8b6a2a78c9ddc64d00d20c303d79fba08c577752f080c4007ee3", size = 12636885 },
    { url = "https://files.pythonhosted.org/packages/fa/e2/793288ede17a0fdc921172916efb40f3cbc2aa97e76c5c84aba6dc7e8747/numpy-2.2.4-cp313-cp313t-macosx_10_13_x86_64.whl", hash = "sha256:8120575cb4882318c791f839a4fd66161a6fa46f3f0a5e613071aae35b5dd8f8", size = 20961829 },
    { url = "https://files.pythonhosted.org/packages/3a/75/bb4573f6c462afd1ea5cbedcc362fe3e9bdbcc57aefd37c681be1155fbaa/numpy-2.2.4-cp313-cp313t-macosx_11_0_arm64.whl", hash = "sha256:a761ba0fa886a7bb33c6c8f6f20213735cb19642c580a931c625ee377ee8bd39", size = 14161419 },
    { url = "https://files.pythonhosted.org/packages/03/68/07b4cd01090ca46c7a336958b413cdbe75002286295f2addea767b7f16c9/numpy-2.2.4-cp313-cp313t-macosx_14_0_arm64.whl", hash = "sha256:ac0280f1ba4a4bfff363a99a6aceed4f8e123f8a9b234c89140f5e894e452ecd", size = 5196414 },
    { url = "https://files.pythonhosted.org/packages/a5/fd/d4a29478d622fedff5c4b4b4cedfc37a00691079623c0575978d2446db9e/numpy-2.2.4-cp313-cp313t-macosx_14_0_x86_64.whl", hash = "sha256:879cf3a9a2b53a4672a168c21375166171bc3932b7e21f622201811c43cdd3b0", size = 6709379 },
    { url = "https://files.pythonhosted.org/packages/41/78/96dddb75bb9be730b87c72f30ffdd62611aba234e4e460576a068c98eff6/numpy-2.2.4-cp313-cp313t-manylinux_2_17_aarch64.manylinux2014_aarch64.whl", hash = "sha256:f05d4198c1bacc9124018109c5fba2f3201dbe7ab6e92ff100494f236209c960", size = 14051725 },
    { url = "https://files.pythonhosted.org/packages/00/06/5306b8199bffac2a29d9119c11f457f6c7d41115a335b78d3f86fad4dbe8/numpy-2.2.4-cp313-cp313t-manylinux_2_17_x86_64.manylinux2014_x86_64.whl", hash = "sha256:e2f085ce2e813a50dfd0e01fbfc0c12bbe5d2063d99f8b29da30e544fb6483b8", size = 16101638 },
    { url = "https://files.pythonhosted.org/packages/fa/03/74c5b631ee1ded596945c12027649e6344614144369fd3ec1aaced782882/numpy-2.2.4-cp313-cp313t-musllinux_1_2_aarch64.whl", hash = "sha256:92bda934a791c01d6d9d8e038363c50918ef7c40601552a58ac84c9613a665bc", size = 15571717 },
    { url = "https://files.pythonhosted.org/packages/cb/dc/4fc7c0283abe0981e3b89f9b332a134e237dd476b0c018e1e21083310c31/numpy-2.2.4-cp313-cp313t-musllinux_1_2_x86_64.whl", hash = "sha256:ee4d528022f4c5ff67332469e10efe06a267e32f4067dc76bb7e2cddf3cd25ff", size = 17879998 },
    { url = "https://files.pythonhosted.org/packages/e5/2b/878576190c5cfa29ed896b518cc516aecc7c98a919e20706c12480465f43/numpy-2.2.4-cp313-cp313t-win32.whl", hash = "sha256:05c076d531e9998e7e694c36e8b349969c56eadd2cdcd07242958489d79a7286", size = 6366896 },
    { url = "https://files.pythonhosted.org/packages/3e/05/eb7eec66b95cf697f08c754ef26c3549d03ebd682819f794cb039574a0a6/numpy-2.2.4-cp313-cp313t-win_amd64.whl", hash = "sha256:188dcbca89834cc2e14eb2f106c96d6d46f200fe0200310fc29089657379c58d", size = 12739119 },
]

[[package]]
name = "opencv-contrib-python"
version = "4.11.0.86"
source = { registry = "https://pypi.org/simple" }
dependencies = [
    { name = "numpy" },
]
sdist = { url = "https://files.pythonhosted.org/packages/ef/51/3ceb85ecff5f26994b7aae2922b1aa38148dbfe88cab13d63bc6facbac88/opencv-contrib-python-4.11.0.86.tar.gz", hash = "sha256:4ff773dab44911da366b906621c9592d4eb96f6ad3777098933a23f064aab38e", size = 150559874 }
wheels = [
    { url = "https://files.pythonhosted.org/packages/f3/78/b504ca8f7a312918d184e0b8093c62bc9a110d8154f658b591ef5c020d65/opencv_contrib_python-4.11.0.86-cp37-abi3-macosx_13_0_arm64.whl", hash = "sha256:d911cedc511d98f79994580b245d59fc97f57f0f9923a99945d8b92c7ac671f6", size = 46276766 },
    { url = "https://files.pythonhosted.org/packages/8c/07/68e0b24217671b65c23e105bb7afd4ef4fd01507670cf5e61373d9efd6b5/opencv_contrib_python-4.11.0.86-cp37-abi3-macosx_13_0_x86_64.whl", hash = "sha256:e10a293af18aa5f842d012fa14e87345b3ee06db4c29bd592ff94b51f7ffca2b", size = 66524088 },
    { url = "https://files.pythonhosted.org/packages/ae/7b/7e1471aa92f9f3c1bd8dbe624622b62add6f734db34fbbb9974e2ec70c34/opencv_contrib_python-4.11.0.86-cp37-abi3-manylinux_2_17_aarch64.manylinux2014_aarch64.whl", hash = "sha256:f21034bc8b00eb286a0a0a92b99767bf596bfe426cf4bc2e79647d64ad0dd6da", size = 47870560 },
    { url = "https://files.pythonhosted.org/packages/f7/13/756b13b8d5d417a0b4c3bf6ceafb59df0ed05cec7fedc2490bbbf5e60ebc/opencv_contrib_python-4.11.0.86-cp37-abi3-manylinux_2_17_x86_64.manylinux2014_x86_64.whl", hash = "sha256:c47c0ef1098461cdc6fa1cdce4c942b8ec974c87423f4b5951443d26bb9ae407", size = 69098423 },
    { url = "https://files.pythonhosted.org/packages/fd/8b/4f63d2fdcfceab528bff10c9d8d2a4e6230098e0b0af54e3e8e91b420ea0/opencv_contrib_python-4.11.0.86-cp37-abi3-win32.whl", hash = "sha256:194841c664ceaa0692410b4ed0af557425608e33db3a181ded28b87acb66748d", size = 35156028 },
    { url = "https://files.pythonhosted.org/packages/0d/c6/146487546adc4726f0be591a65b466973feaa58cc3db711087e802e940fb/opencv_contrib_python-4.11.0.86-cp37-abi3-win_amd64.whl", hash = "sha256:654758a9ae8ca9a75fca7b64b19163636534f0eedffe1e14c3d7218988625c8d", size = 46185163 },
]

[[package]]
name = "opencv-python-headless"
version = "4.11.0.86"
source = { registry = "https://pypi.org/simple" }
dependencies = [
    { name = "numpy" },
]
sdist = { url = "https://files.pythonhosted.org/packages/36/2f/5b2b3ba52c864848885ba988f24b7f105052f68da9ab0e693cc7c25b0b30/opencv-python-headless-4.11.0.86.tar.gz", hash = "sha256:996eb282ca4b43ec6a3972414de0e2331f5d9cda2b41091a49739c19fb843798", size = 95177929 }
wheels = [
    { url = "https://files.pythonhosted.org/packages/dc/53/2c50afa0b1e05ecdb4603818e85f7d174e683d874ef63a6abe3ac92220c8/opencv_python_headless-4.11.0.86-cp37-abi3-macosx_13_0_arm64.whl", hash = "sha256:48128188ade4a7e517237c8e1e11a9cdf5c282761473383e77beb875bb1e61ca", size = 37326460 },
    { url = "https://files.pythonhosted.org/packages/3b/43/68555327df94bb9b59a1fd645f63fafb0762515344d2046698762fc19d58/opencv_python_headless-4.11.0.86-cp37-abi3-macosx_13_0_x86_64.whl", hash = "sha256:a66c1b286a9de872c343ee7c3553b084244299714ebb50fbdcd76f07ebbe6c81", size = 56723330 },
    { url = "https://files.pythonhosted.org/packages/45/be/1438ce43ebe65317344a87e4b150865c5585f4c0db880a34cdae5ac46881/opencv_python_headless-4.11.0.86-cp37-abi3-manylinux_2_17_aarch64.manylinux2014_aarch64.whl", hash = "sha256:6efabcaa9df731f29e5ea9051776715b1bdd1845d7c9530065c7951d2a2899eb", size = 29487060 },
    { url = "https://files.pythonhosted.org/packages/dd/5c/c139a7876099916879609372bfa513b7f1257f7f1a908b0bdc1c2328241b/opencv_python_headless-4.11.0.86-cp37-abi3-manylinux_2_17_x86_64.manylinux2014_x86_64.whl", hash = "sha256:0e0a27c19dd1f40ddff94976cfe43066fbbe9dfbb2ec1907d66c19caef42a57b", size = 49969856 },
    { url = "https://files.pythonhosted.org/packages/95/dd/ed1191c9dc91abcc9f752b499b7928aacabf10567bb2c2535944d848af18/opencv_python_headless-4.11.0.86-cp37-abi3-win32.whl", hash = "sha256:f447d8acbb0b6f2808da71fddd29c1cdd448d2bc98f72d9bb78a7a898fc9621b", size = 29324425 },
    { url = "https://files.pythonhosted.org/packages/86/8a/69176a64335aed183529207ba8bc3d329c2999d852b4f3818027203f50e6/opencv_python_headless-4.11.0.86-cp37-abi3-win_amd64.whl", hash = "sha256:6c304df9caa7a6a5710b91709dd4786bf20a74d57672b3c31f7033cc638174ca", size = 39402386 },
]

[[package]]
name = "shapely"
version = "2.1.0"
source = { registry = "https://pypi.org/simple" }
dependencies = [
    { name = "numpy" },
]
sdist = { url = "https://files.pythonhosted.org/packages/fb/fe/3b0d2f828ffaceadcdcb51b75b9c62d98e62dd95ce575278de35f24a1c20/shapely-2.1.0.tar.gz", hash = "sha256:2cbe90e86fa8fc3ca8af6ffb00a77b246b918c7cf28677b7c21489b678f6b02e", size = 313617 }
wheels = [
    { url = "https://files.pythonhosted.org/packages/8d/77/4e368704b2193e74498473db4461d697cc6083c96f8039367e59009d78bd/shapely-2.1.0-cp313-cp313-macosx_10_13_x86_64.whl", hash = "sha256:b64423295b563f43a043eb786e7a03200ebe68698e36d2b4b1c39f31dfb50dfb", size = 1830029 },
    { url = "https://files.pythonhosted.org/packages/71/3c/d888597bda680e4de987316b05ca9db07416fa29523beff64f846503302f/shapely-2.1.0-cp313-cp313-macosx_11_0_arm64.whl", hash = "sha256:1b5578f45adc25b235b22d1ccb9a0348c8dc36f31983e57ea129a88f96f7b870", size = 1637999 },
    { url = "https://files.pythonhosted.org/packages/03/8d/ee0e23b7ef88fba353c63a81f1f329c77f5703835db7b165e7c0b8b7f839/shapely-2.1.0-cp313-cp313-manylinux_2_17_aarch64.manylinux2014_aarch64.whl", hash = "sha256:d1a7e83d383b27f02b684e50ab7f34e511c92e33b6ca164a6a9065705dd64bcb", size = 2929348 },
    { url = "https://files.pythonhosted.org/packages/d1/a7/5c9cb413e4e2ce52c16be717e94abd40ce91b1f8974624d5d56154c5d40b/shapely-2.1.0-cp313-cp313-manylinux_2_17_x86_64.manylinux2014_x86_64.whl", hash = "sha256:942031eb4d8f7b3b22f43ba42c09c7aa3d843aa10d5cc1619fe816e923b66e55", size = 3048973 },
    { url = "https://files.pythonhosted.org/packages/84/23/45b90c0bd2157b238490ca56ef2eedf959d3514c7d05475f497a2c88b6d9/shapely-2.1.0-cp313-cp313-musllinux_1_2_aarch64.whl", hash = "sha256:d2843c456a2e5627ee6271800f07277c0d2652fb287bf66464571a057dbc00b3", size = 3873148 },
    { url = "https://files.pythonhosted.org/packages/c0/bc/ed7d5d37f5395166042576f0c55a12d7e56102799464ba7ea3a72a38c769/shapely-2.1.0-cp313-cp313-musllinux_1_2_x86_64.whl", hash = "sha256:8c4b17469b7f39a5e6a7cfea79f38ae08a275427f41fe8b48c372e1449147908", size = 4052655 },
    { url = "https://files.pythonhosted.org/packages/c0/8f/a1dafbb10d20d1c569f2db3fb1235488f624dafe8469e8ce65356800ba31/shapely-2.1.0-cp313-cp313-win32.whl", hash = "sha256:30e967abd08fce49513d4187c01b19f139084019f33bec0673e8dbeb557c45e4", size = 1526600 },
    { url = "https://files.pythonhosted.org/packages/e3/f0/9f8cdf2258d7aed742459cea51c70d184de92f5d2d6f5f7f1ded90a18c31/shapely-2.1.0-cp313-cp313-win_amd64.whl", hash = "sha256:1dc8d4364483a14aba4c844b7bd16a6fa3728887e2c33dfa1afa34a3cf4d08a5", size = 1707115 },
    { url = "https://files.pythonhosted.org/packages/75/ed/32952df461753a65b3e5d24c8efb361d3a80aafaef0b70d419063f6f2c11/shapely-2.1.0-cp313-cp313t-macosx_10_13_x86_64.whl", hash = "sha256:673e073fea099d1c82f666fb7ab0a00a77eff2999130a69357ce11941260d855", size = 1824847 },
    { url = "https://files.pythonhosted.org/packages/ff/b9/2284de512af30b02f93ddcdd2e5c79834a3cf47fa3ca11b0f74396feb046/shapely-2.1.0-cp313-cp313t-macosx_11_0_arm64.whl", hash = "sha256:6d1513f915a56de67659fe2047c1ad5ff0f8cbff3519d1e74fced69c9cb0e7da", size = 1631035 },
    { url = "https://files.pythonhosted.org/packages/35/16/a59f252a7e736b73008f10d0950ffeeb0d5953be7c0bdffd39a02a6ba310/shapely-2.1.0-cp313-cp313t-manylinux_2_17_aarch64.manylinux2014_aarch64.whl", hash = "sha256:0d6a7043178890b9e028d80496ff4c79dc7629bff4d78a2f25323b661756bab8", size = 2968639 },
    { url = "https://files.pythonhosted.org/packages/a5/0a/6a20eca7b0092cfa243117e8e145a58631a4833a0a519ec9b445172e83a0/shapely-2.1.0-cp313-cp313t-manylinux_2_17_x86_64.manylinux2014_x86_64.whl", hash = "sha256:cb638378dc3d76f7e85b67d7e2bb1366811912430ac9247ac00c127c2b444cdc", size = 3055713 },
    { url = "https://files.pythonhosted.org/packages/fb/44/eeb0c7583b1453d1cf7a319a1d738e08f98a5dc993fa1ef3c372983e4cb5/shapely-2.1.0-cp313-cp313t-musllinux_1_2_aarch64.whl", hash = "sha256:737124e87d91d616acf9a911f74ac55e05db02a43a6a7245b3d663817b876055", size = 3890478 },
    { url = "https://files.pythonhosted.org/packages/5d/6e/37ff3c6af1d408cacb0a7d7bfea7b8ab163a5486e35acb08997eae9d8756/shapely-2.1.0-cp313-cp313t-musllinux_1_2_x86_64.whl", hash = "sha256:8e6c229e7bb87aae5df82fa00b6718987a43ec168cc5affe095cca59d233f314", size = 4036148 },
    { url = "https://files.pythonhosted.org/packages/c8/6a/8c0b7de3aeb5014a23f06c5e9d3c7852ebcf0d6b00fe660b93261e310e24/shapely-2.1.0-cp313-cp313t-win32.whl", hash = "sha256:a9580bda119b1f42f955aa8e52382d5c73f7957e0203bc0c0c60084846f3db94", size = 1535993 },
    { url = "https://files.pythonhosted.org/packages/a8/91/ae80359a58409d52e4d62c7eacc7eb3ddee4b9135f1db884b6a43cf2e174/shapely-2.1.0-cp313-cp313t-win_amd64.whl", hash = "sha256:e8ff4e5cfd799ba5b6f37b5d5527dbd85b4a47c65b6d459a03d0962d2a9d4d10", size = 1717777 },
]

[[package]]
name = "svgwrite"
version = "1.4.3"
source = { registry = "https://pypi.org/simple" }
sdist = { url = "https://files.pythonhosted.org/packages/16/c1/263d4e93b543390d86d8eb4fc23d9ce8a8d6efd146f9427364109004fa9b/svgwrite-1.4.3.zip", hash = "sha256:a8fbdfd4443302a6619a7f76bc937fc683daf2628d9b737c891ec08b8ce524c3", size = 189516 }
wheels = [
    { url = "https://files.pythonhosted.org/packages/84/15/640e399579024a6875918839454025bb1d5f850bb70d96a11eabb644d11c/svgwrite-1.4.3-py3-none-any.whl", hash = "sha256:bb6b2b5450f1edbfa597d924f9ac2dd099e625562e492021d7dd614f65f8a22d", size = 67122 },
]
